<?xml version="1.0" encoding="utf-8"?>
<Project ToolsVersion="4.0" xmlns="http://schemas.microsoft.com/developer/msbuild/2003">
  <ItemGroup>
    <Filter Include="Frontend">
      <UniqueIdentifier>{4FC737F1-C7A5-4376-A066-2A32D752A2FF}</UniqueIdentifier>
      <Extensions>cpp;c;cc;cxx;c++;cppm;ixx;def;odl;idl;hpj;bat;asm;asmx</Extensions>
    </Filter>
    <Filter Include="Backend">
      <UniqueIdentifier>{5fb625ba-5ea9-43d4-a9db-14f25ac80971}</UniqueIdentifier>
    </Filter>
    <Filter Include="Hash">
      <UniqueIdentifier>{2cc41d4b-4bb3-4896-9e39-81412cdfd8cd}</UniqueIdentifier>
    </Filter>
    <Filter Include="Frontend\Images">
      <UniqueIdentifier>{2247dc50-6d74-4dc2-b083-41c6ff62041b}</UniqueIdentifier>
    </Filter>
  </ItemGroup>
  <ItemGroup>
    <ClInclude Include="MyForm.h">
      <Filter>Frontend</Filter>
    </ClInclude>
    <ClInclude Include="directories.h">
      <Filter>Backend</Filter>
    </ClInclude>
    <ClInclude Include="hash.h">
      <Filter>Hash</Filter>
    </ClInclude>
    <ClInclude Include="backend.h">
      <Filter>Backend</Filter>
    </ClInclude>
    <ClInclude Include="Parameters.h">
      <Filter>Frontend</Filter>
    </ClInclude>
    <ClInclude Include="Form_Journal.h">
      <Filter>Frontend</Filter>
    </ClInclude>
    <ClInclude Include="..\..\FolderWatcher\FolderWatcher\globals.h">
      <Filter>Frontend</Filter>
    </ClInclude>
  </ItemGroup>
  <ItemGroup>
    <ClCompile Include="MyForm.cpp">
      <Filter>Frontend</Filter>
    </ClCompile>
    <ClCompile Include="hash.cpp">
      <Filter>Hash</Filter>
    </ClCompile>
    <ClCompile Include="backend.cpp">
      <Filter>Backend</Filter>
    </ClCompile>
    <ClCompile Include="directories.cpp">
      <Filter>Backend</Filter>
    </ClCompile>
    <ClCompile Include="Form_Journal.cpp">
      <Filter>Frontend</Filter>
    </ClCompile>
    <ClCompile Include="Parameters.cpp">
      <Filter>Frontend</Filter>
    </ClCompile>
  </ItemGroup>
  <ItemGroup>
    <Image Include="Images\browse.png">
      <Filter>Frontend\Images</Filter>
    </Image>
    <Image Include="Images\exit.png">
      <Filter>Frontend\Images</Filter>
    </Image>
    <Image Include="Images\export.png">
      <Filter>Frontend\Images</Filter>
    </Image>
    <Image Include="Images\find.png">
      <Filter>Frontend\Images</Filter>
    </Image>
    <Image Include="Images\help.png">
      <Filter>Frontend\Images</Filter>
    </Image>
    <Image Include="Images\icon.ico">
      <Filter>Frontend\Images</Filter>
    </Image>
    <Image Include="Images\image_black.png">
      <Filter>Frontend\Images</Filter>
    </Image>
    <Image Include="Images\image_white.png">
      <Filter>Frontend\Images</Filter>
    </Image>
    <Image Include="Images\info.png">
      <Filter>Frontend\Images</Filter>
    </Image>
    <Image Include="Images\language.png">
      <Filter>Frontend\Images</Filter>
    </Image>
    <Image Include="Images\logs.png">
      <Filter>Frontend\Images</Filter>
    </Image>
    <Image Include="Images\mode.png">
      <Filter>Frontend\Images</Filter>
    </Image>
    <Image Include="Images\parametrs.png">
      <Filter>Frontend\Images</Filter>
    </Image>
    <Image Include="Images\progress.gif">
      <Filter>Frontend\Images</Filter>
    </Image>
    <Image Include="Images\ready.png">
      <Filter>Frontend\Images</Filter>
    </Image>
    <Image Include="Images\refresh.png">
      <Filter>Frontend\Images</Filter>
    </Image>
    <Image Include="Images\running.png">
      <Filter>Frontend\Images</Filter>
    </Image>
    <Image Include="Images\snapshot.png">
      <Filter>Frontend\Images</Filter>
    </Image>
    <Image Include="Images\start.png">
      <Filter>Frontend\Images</Filter>
    </Image>
    <Image Include="Images\completed.png">
      <Filter>Frontend\Images</Filter>
    </Image>
  </ItemGroup>
</Project>